
Microsoft Visual Studio Solution File, Format Version 12.00
# Visual Studio Version 16
VisualStudioVersion = 16.0.30907.101
MinimumVisualStudioVersion = 15.0.26124.0
Project("{9A19103F-16F7-4668-BE54-9A1E7A4F7556}") = "Fuji", "Fuji\Fuji.csproj", "{1FEA7BC5-923E-49A6-9493-13660158812B}"
EndProject
Global
	GlobalSection(SolutionConfigurationPlatforms) = preSolution
		Debug|Any CPU = Debug|Any CPU
		Debug|x64 = Debug|x64
		Debug|x86 = Debug|x86
		Release|Any CPU = Release|Any CPU
		Release|x64 = Release|x64
		Release|x86 = Release|x86
	EndGlobalSection
	GlobalSection(ProjectConfigurationPlatforms) = postSolution
		{1FEA7BC5-923E-49A6-9493-13660158812B}.Debug|Any CPU.ActiveCfg = Debug|Any CPU
		{1FEA7BC5-923E-49A6-9493-13660158812B}.Debug|Any CPU.Build.0 = Debug|Any CPU
		{1FEA7BC5-923E-49A6-9493-13660158812B}.Debug|x64.ActiveCfg = Debug|Any CPU
		{1FEA7BC5-923E-49A6-9493-13660158812B}.Debug|x64.Build.0 = Debug|Any CPU
		{1FEA7BC5-923E-49A6-9493-13660158812B}.Debug|x86.ActiveCfg = Debug|Any CPU
		{1FEA7BC5-923E-49A6-9493-13660158812B}.Debug|x86.Build.0 = Debug|Any CPU
		{1FEA7BC5-923E-49A6-9493-13660158812B}.Release|Any CPU.ActiveCfg = Release|Any CPU
		{1FEA7BC5-923E-49A6-9493-13660158812B}.Release|Any CPU.Build.0 = Release|Any CPU
		{1FEA7BC5-923E-49A6-9493-13660158812B}.Release|x64.ActiveCfg = Release|Any CPU
		{1FEA7BC5-923E-49A6-9493-13660158812B}.Release|x64.Build.0 = Release|Any CPU
		{1FEA7BC5-923E-49A6-9493-13660158812B}.Release|x86.ActiveCfg = Release|Any CPU
		{1FEA7BC5-923E-49A6-9493-13660158812B}.Release|x86.Build.0 = Release|Any CPU
		{F27AC91F-D994-43BD-80EA-B1A46AA5890F}.Debug|Any CPU.ActiveCfg = Debug|Any CPU
		{F27AC91F-D994-43BD-80EA-B1A46AA5890F}.Debug|Any CPU.Build.0 = Debug|Any CPU
		{F27AC91F-D994-43BD-80EA-B1A46AA5890F}.Debug|x64.ActiveCfg = Debug|Any CPU
		{F27AC91F-D994-43BD-80EA-B1A46AA5890F}.Debug|x64.Build.0 = Debug|Any CPU
		{F27AC91F-D994-43BD-80EA-B1A46AA5890F}.Debug|x86.ActiveCfg = Debug|Any CPU
		{F27AC91F-D994-43BD-80EA-B1A46AA5890F}.Debug|x86.Build.0 = Debug|Any CPU
		{F27AC91F-D994-43BD-80EA-B1A46AA5890F}.Release|Any CPU.ActiveCfg = Release|Any CPU
		{F27AC91F-D994-43BD-80EA-B1A46AA5890F}.Release|Any CPU.Build.0 = Release|Any CPU
		{F27AC91F-D994-43BD-80EA-B1A46AA5890F}.Release|x64.ActiveCfg = Release|Any CPU
		{F27AC91F-D994-43BD-80EA-B1A46AA5890F}.Release|x64.Build.0 = Release|Any CPU
		{F27AC91F-D994-43BD-80EA-B1A46AA5890F}.Release|x86.ActiveCfg = Release|Any CPU
		{F27AC91F-D994-43BD-80EA-B1A46AA5890F}.Release|x86.Build.0 = Release|Any CPU
		{0ACE14E6-CF49-4466-9591-E38FD2278AAE}.Debug|Any CPU.ActiveCfg = Debug|Any CPU
		{0ACE14E6-CF49-4466-9591-E38FD2278AAE}.Debug|Any CPU.Build.0 = Debug|Any CPU
		{0ACE14E6-CF49-4466-9591-E38FD2278AAE}.Debug|x64.ActiveCfg = Debug|Any CPU
		{0ACE14E6-CF49-4466-9591-E38FD2278AAE}.Debug|x64.Build.0 = Debug|Any CPU
		{0ACE14E6-CF49-4466-9591-E38FD2278AAE}.Debug|x86.ActiveCfg = Debug|Any CPU
		{0ACE14E6-CF49-4466-9591-E38FD2278AAE}.Debug|x86.Build.0 = Debug|Any CPU
		{0ACE14E6-CF49-4466-9591-E38FD2278AAE}.Release|Any CPU.ActiveCfg = Release|Any CPU
		{0ACE14E6-CF49-4466-9591-E38FD2278AAE}.Release|Any CPU.Build.0 = Release|Any CPU
		{0ACE14E6-CF49-4466-9591-E38FD2278AAE}.Release|x64.ActiveCfg = Release|Any CPU
		{0ACE14E6-CF49-4466-9591-E38FD2278AAE}.Release|x64.Build.0 = Release|Any CPU
		{0ACE14E6-CF49-4466-9591-E38FD2278AAE}.Release|x86.ActiveCfg = Release|Any CPU
		{0ACE14E6-CF49-4466-9591-E38FD2278AAE}.Release|x86.Build.0 = Release|Any CPU
	EndGlobalSection
	GlobalSection(SolutionProperties) = preSolution
		HideSolutionNode = FALSE
	EndGlobalSection
	GlobalSection(ExtensibilityGlobals) = postSolution
		SolutionGuid = {62BC6640-6FFF-4515-B17C-40AA205C5C91}
	EndGlobalSection
EndGlobal
