
Microsoft Visual Studio Solution File, Format Version 12.00
# Visual Studio Version 16
VisualStudioVersion = 16.0.30611.23
MinimumVisualStudioVersion = 10.0.40219.1
Project("{FAE04EC0-301F-11D3-BF4B-00C04F79EFBC}") = "AuctionHouse", "AuctionHouse.csproj", "{D731A312-C029-4E0F-B8E5-BE683C991E58}"
EndProject
Global
	GlobalSection(SolutionConfigurationPlatforms) = preSolution
		Debug|Any CPU = Debug|Any CPU
		Release|Any CPU = Release|Any CPU
	EndGlobalSection
	GlobalSection(ProjectConfigurationPlatforms) = postSolution
		{D731A312-C029-4E0F-B8E5-BE683C991E58}.Debug|Any CPU.ActiveCfg = Debug|Any CPU
		{D731A312-C029-4E0F-B8E5-BE683C991E58}.Debug|Any CPU.Build.0 = Debug|Any CPU
		{D731A312-C029-4E0F-B8E5-BE683C991E58}.Release|Any CPU.ActiveCfg = Release|Any CPU
		{D731A312-C029-4E0F-B8E5-BE683C991E58}.Release|Any CPU.Build.0 = Release|Any CPU
	EndGlobalSection
	GlobalSection(SolutionProperties) = preSolution
		HideSolutionNode = FALSE
	EndGlobalSection
	GlobalSection(ExtensibilityGlobals) = postSolution
		SolutionGuid = {CD2922DB-5261-4FCC-A033-2CF209FA2114}
	EndGlobalSection
EndGlobal
