
Microsoft Visual Studio Solution File, Format Version 12.00
# Visual Studio Version 16
VisualStudioVersion = 16.0.30907.101
MinimumVisualStudioVersion = 10.0.40219.1
Project("{FAE04EC0-301F-11D3-BF4B-00C04F79EFBC}") = "GetStarted", "GetStarted\GetStarted.csproj", "{523DBE47-0CDC-4941-9BBC-0BBC45232C4F}"
EndProject
Project("{FAE04EC0-301F-11D3-BF4B-00C04F79EFBC}") = "GetStarted.Tests", "GetStarted.Tests\GetStarted.Tests.csproj", "{FF28E59E-A64A-486E-AFFE-9632C7A125F2}"
EndProject
Global
	GlobalSection(SolutionConfigurationPlatforms) = preSolution
		Debug|Any CPU = Debug|Any CPU
		Release|Any CPU = Release|Any CPU
	EndGlobalSection
	GlobalSection(ProjectConfigurationPlatforms) = postSolution
		{523DBE47-0CDC-4941-9BBC-0BBC45232C4F}.Debug|Any CPU.ActiveCfg = Debug|Any CPU
		{523DBE47-0CDC-4941-9BBC-0BBC45232C4F}.Debug|Any CPU.Build.0 = Debug|Any CPU
		{523DBE47-0CDC-4941-9BBC-0BBC45232C4F}.Release|Any CPU.ActiveCfg = Release|Any CPU
		{523DBE47-0CDC-4941-9BBC-0BBC45232C4F}.Release|Any CPU.Build.0 = Release|Any CPU
		{FF28E59E-A64A-486E-AFFE-9632C7A125F2}.Debug|Any CPU.ActiveCfg = Debug|Any CPU
		{FF28E59E-A64A-486E-AFFE-9632C7A125F2}.Debug|Any CPU.Build.0 = Debug|Any CPU
		{FF28E59E-A64A-486E-AFFE-9632C7A125F2}.Release|Any CPU.ActiveCfg = Release|Any CPU
		{FF28E59E-A64A-486E-AFFE-9632C7A125F2}.Release|Any CPU.Build.0 = Release|Any CPU
	EndGlobalSection
	GlobalSection(SolutionProperties) = preSolution
		HideSolutionNode = FALSE
	EndGlobalSection
	GlobalSection(ExtensibilityGlobals) = postSolution
		SolutionGuid = {4DCAF0E2-1CAC-4D42-BC0C-58E334612902}
	EndGlobalSection
EndGlobal
